// !$*UTF8*$!
{
	archiveVersion = 1;
	classes = {
	};
	objectVersion = 46;
	objects = {

/* Begin PBXBuildFile section */
		AD09FB8917FC755100A4E49F /* Cocoa.framework in Frameworks */ = {isa = PBXBuildFile; fileRef = AD09FB8817FC755100A4E49F /* Cocoa.framework */; };
		AD09FB9317FC755100A4E49F /* VLCodeGeneratorLibrary.m in Sources */ = {isa = PBXBuildFile; fileRef = AD09FB9217FC755100A4E49F /* VLCodeGeneratorLibrary.m */; };
		AD09FB9A17FC755100A4E49F /* XCTest.framework in Frameworks */ = {isa = PBXBuildFile; fileRef = AD09FB9917FC755100A4E49F /* XCTest.framework */; };
		AD09FB9B17FC755100A4E49F /* Cocoa.framework in Frameworks */ = {isa = PBXBuildFile; fileRef = AD09FB8817FC755100A4E49F /* Cocoa.framework */; };
		AD09FB9E17FC755100A4E49F /* libVLCodeGeneratorLibrary.a in Frameworks */ = {isa = PBXBuildFile; fileRef = AD09FB8517FC755100A4E49F /* libVLCodeGeneratorLibrary.a */; };
		AD09FBA417FC755100A4E49F /* InfoPlist.strings in Resources */ = {isa = PBXBuildFile; fileRef = AD09FBA217FC755100A4E49F /* InfoPlist.strings */; };
		AD09FBA617FC755100A4E49F /* VLCodeGeneratorLibraryTests.m in Sources */ = {isa = PBXBuildFile; fileRef = AD09FBA517FC755100A4E49F /* VLCodeGeneratorLibraryTests.m */; };
		AD09FBB317FC75BF00A4E49F /* VLTransformationServiceVendor.m in Sources */ = {isa = PBXBuildFile; fileRef = AD09FBB117FC75BF00A4E49F /* VLTransformationServiceVendor.m */; };
		AD09FBB817FC75E900A4E49F /* VLAbstractLanguageAdaptor.m in Sources */ = {isa = PBXBuildFile; fileRef = AD09FBB617FC75E900A4E49F /* VLAbstractLanguageAdaptor.m */; };
		AD09FBBF17FC762400A4E49F /* VLCodeGenerationFoundationServer.m in Sources */ = {isa = PBXBuildFile; fileRef = AD09FBBB17FC762400A4E49F /* VLCodeGenerationFoundationServer.m */; };
		AD09FBC117FC762400A4E49F /* VLCodeGenerationOperation.m in Sources */ = {isa = PBXBuildFile; fileRef = AD09FBBD17FC762400A4E49F /* VLCodeGenerationOperation.m */; };
		AD09FBC817FC763D00A4E49F /* VLBlocksAndConstanStrings.m in Sources */ = {isa = PBXBuildFile; fileRef = AD09FBC417FC763D00A4E49F /* VLBlocksAndConstanStrings.m */; };
		AD09FBCA17FC763D00A4E49F /* VLCoreUtilitiesLib.m in Sources */ = {isa = PBXBuildFile; fileRef = AD09FBC617FC763D00A4E49F /* VLCoreUtilitiesLib.m */; };
		AD09FBE317FCBC1F00A4E49F /* VLBlocksAndConstanStrings.h in Resources */ = {isa = PBXBuildFile; fileRef = AD09FBC317FC763D00A4E49F /* VLBlocksAndConstanStrings.h */; };
		AD09FBE417FCBC1F00A4E49F /* VLCoreUtilitiesLib.h in Resources */ = {isa = PBXBuildFile; fileRef = AD09FBC517FC763D00A4E49F /* VLCoreUtilitiesLib.h */; };
		AD09FBE517FCBC1F00A4E49F /* VLCodeGenerationFoundationServer.h in Resources */ = {isa = PBXBuildFile; fileRef = AD09FBBA17FC762400A4E49F /* VLCodeGenerationFoundationServer.h */; };
		AD09FBE617FCBC1F00A4E49F /* VLCodeGenerationOperation.h in Resources */ = {isa = PBXBuildFile; fileRef = AD09FBBC17FC762400A4E49F /* VLCodeGenerationOperation.h */; };
		AD09FBE817FCBC1F00A4E49F /* VLAbstractLanguageAdaptor.h in Resources */ = {isa = PBXBuildFile; fileRef = AD09FBB517FC75E900A4E49F /* VLAbstractLanguageAdaptor.h */; };
		AD09FBE917FCBC1F00A4E49F /* VLTransformationServiceVendor.h in Resources */ = {isa = PBXBuildFile; fileRef = AD09FBB017FC75BF00A4E49F /* VLTransformationServiceVendor.h */; };
		AD09FBEA17FCBC1F00A4E49F /* VLCodeGeneratorLibrary.h in Resources */ = {isa = PBXBuildFile; fileRef = AD09FB9117FC755100A4E49F /* VLCodeGeneratorLibrary.h */; };
		AD09FBEB17FCBC7600A4E49F /* VLBlocksAndConstanStrings.h in Headers */ = {isa = PBXBuildFile; fileRef = AD09FBC317FC763D00A4E49F /* VLBlocksAndConstanStrings.h */; settings = {ATTRIBUTES = (Public, ); }; };
		AD09FBEC17FCBC7600A4E49F /* VLCoreUtilitiesLib.h in Headers */ = {isa = PBXBuildFile; fileRef = AD09FBC517FC763D00A4E49F /* VLCoreUtilitiesLib.h */; settings = {ATTRIBUTES = (Public, ); }; };
		AD09FBED17FCBC7600A4E49F /* VLCodeGenerationFoundationServer.h in Headers */ = {isa = PBXBuildFile; fileRef = AD09FBBA17FC762400A4E49F /* VLCodeGenerationFoundationServer.h */; settings = {ATTRIBUTES = (Public, ); }; };
		AD09FBEE17FCBC7600A4E49F /* VLCodeGenerationOperation.h in Headers */ = {isa = PBXBuildFile; fileRef = AD09FBBC17FC762400A4E49F /* VLCodeGenerationOperation.h */; settings = {ATTRIBUTES = (Public, ); }; };
		AD09FBF017FCBC7600A4E49F /* VLAbstractLanguageAdaptor.h in Headers */ = {isa = PBXBuildFile; fileRef = AD09FBB517FC75E900A4E49F /* VLAbstractLanguageAdaptor.h */; settings = {ATTRIBUTES = (Public, ); }; };
		AD09FBF117FCBC7600A4E49F /* VLTransformationServiceVendor.h in Headers */ = {isa = PBXBuildFile; fileRef = AD09FBB017FC75BF00A4E49F /* VLTransformationServiceVendor.h */; settings = {ATTRIBUTES = (Public, ); }; };
		AD09FBF217FCBC7600A4E49F /* VLCodeGeneratorLibrary.h in Headers */ = {isa = PBXBuildFile; fileRef = AD09FB9117FC755100A4E49F /* VLCodeGeneratorLibrary.h */; settings = {ATTRIBUTES = (Public, ); }; };
		AD543CB417FDCC560084CF8A /* VLGSLLanguageAdaptor.h in Headers */ = {isa = PBXBuildFile; fileRef = AD543CB217FDCC560084CF8A /* VLGSLLanguageAdaptor.h */; settings = {ATTRIBUTES = (Public, ); }; };
		AD543CB517FDCC560084CF8A /* VLGSLLanguageAdaptor.m in Sources */ = {isa = PBXBuildFile; fileRef = AD543CB317FDCC560084CF8A /* VLGSLLanguageAdaptor.m */; };
		AD99741C18034B1E008A4199 /* VLPBPKModelPhysicalParameterCalculator.h in Headers */ = {isa = PBXBuildFile; fileRef = AD99741A18034B1E008A4199 /* VLPBPKModelPhysicalParameterCalculator.h */; settings = {ATTRIBUTES = (Public, ); }; };
		AD99741D18034B1E008A4199 /* VLPBPKModelPhysicalParameterCalculator.m in Sources */ = {isa = PBXBuildFile; fileRef = AD99741B18034B1E008A4199 /* VLPBPKModelPhysicalParameterCalculator.m */; };
		ADAE511A1846D2D500A291AB /* VLAbstractTransformationTypeAdaptor.h in Headers */ = {isa = PBXBuildFile; fileRef = ADAE51181846D2D500A291AB /* VLAbstractTransformationTypeAdaptor.h */; settings = {ATTRIBUTES = (Public, ); }; };
		ADAE511B1846D2D500A291AB /* VLAbstractTransformationTypeAdaptor.m in Sources */ = {isa = PBXBuildFile; fileRef = ADAE51191846D2D500A291AB /* VLAbstractTransformationTypeAdaptor.m */; };
		ADAE511F1846D39500A291AB /* VLCellFreeModelTransformationTypeAdaptor.h in Headers */ = {isa = PBXBuildFile; fileRef = ADAE511D1846D39500A291AB /* VLCellFreeModelTransformationTypeAdaptor.h */; settings = {ATTRIBUTES = (Public, ); }; };
		ADAE51201846D39500A291AB /* VLCellFreeModelTransformationTypeAdaptor.m in Sources */ = {isa = PBXBuildFile; fileRef = ADAE511E1846D39500A291AB /* VLCellFreeModelTransformationTypeAdaptor.m */; };
		ADAE51231846D40F00A291AB /* VLMassActionModelTransformationTypeAdaptor.h in Headers */ = {isa = PBXBuildFile; fileRef = ADAE51211846D40F00A291AB /* VLMassActionModelTransformationTypeAdaptor.h */; settings = {ATTRIBUTES = (Public, ); }; };
		ADAE51241846D40F00A291AB /* VLMassActionModelTransformationTypeAdaptor.m in Sources */ = {isa = PBXBuildFile; fileRef = ADAE51221846D40F00A291AB /* VLMassActionModelTransformationTypeAdaptor.m */; };
		ADAE51291846DB5000A291AB /* VLMatlabLanguageAdaptor.h in Headers */ = {isa = PBXBuildFile; fileRef = ADAE51271846DB5000A291AB /* VLMatlabLanguageAdaptor.h */; settings = {ATTRIBUTES = (Public, ); }; };
		ADAE512A1846DB5000A291AB /* VLMatlabLanguageAdaptor.m in Sources */ = {isa = PBXBuildFile; fileRef = ADAE51281846DB5000A291AB /* VLMatlabLanguageAdaptor.m */; };
		ADAE5131184767EE00A291AB /* VLOctaveMLanguageAdaptor.h in Headers */ = {isa = PBXBuildFile; fileRef = ADAE512F184767EE00A291AB /* VLOctaveMLanguageAdaptor.h */; settings = {ATTRIBUTES = (Public, ); }; };
		ADAE5132184767EE00A291AB /* VLOctaveMLanguageAdaptor.m in Sources */ = {isa = PBXBuildFile; fileRef = ADAE5130184767EE00A291AB /* VLOctaveMLanguageAdaptor.m */; };
		ADAE51351847680900A291AB /* VLOctaveCLanguageAdaptor.h in Headers */ = {isa = PBXBuildFile; fileRef = ADAE51331847680900A291AB /* VLOctaveCLanguageAdaptor.h */; settings = {ATTRIBUTES = (Public, ); }; };
		ADAE51361847680900A291AB /* VLOctaveCLanguageAdaptor.m in Sources */ = {isa = PBXBuildFile; fileRef = ADAE51341847680900A291AB /* VLOctaveCLanguageAdaptor.m */; };
		ADAE513A1847682B00A291AB /* VLSundialsLanguageAdaptor.h in Headers */ = {isa = PBXBuildFile; fileRef = ADAE51381847682B00A291AB /* VLSundialsLanguageAdaptor.h */; settings = {ATTRIBUTES = (Public, ); }; };
		ADAE513B1847682B00A291AB /* VLSundialsLanguageAdaptor.m in Sources */ = {isa = PBXBuildFile; fileRef = ADAE51391847682B00A291AB /* VLSundialsLanguageAdaptor.m */; };
		ADAE513F18476D7400A291AB /* VLPBPKModelTransformationTypeAdaptor.h in Headers */ = {isa = PBXBuildFile; fileRef = ADAE513D18476D7400A291AB /* VLPBPKModelTransformationTypeAdaptor.h */; settings = {ATTRIBUTES = (Public, ); }; };
		ADAE514018476D7400A291AB /* VLPBPKModelTransformationTypeAdaptor.m in Sources */ = {isa = PBXBuildFile; fileRef = ADAE513E18476D7400A291AB /* VLPBPKModelTransformationTypeAdaptor.m */; };
		ADAE51441847ADFB00A291AB /* VLSMBLLanguageAdaptor.h in Headers */ = {isa = PBXBuildFile; fileRef = ADAE51421847ADFB00A291AB /* VLSMBLLanguageAdaptor.h */; settings = {ATTRIBUTES = (Public, ); }; };
		ADAE51451847ADFB00A291AB /* VLSMBLLanguageAdaptor.m in Sources */ = {isa = PBXBuildFile; fileRef = ADAE51431847ADFB00A291AB /* VLSMBLLanguageAdaptor.m */; };
		ADAE51491847AEEC00A291AB /* VLFileFormatTransformationTypeAdaptor.h in Headers */ = {isa = PBXBuildFile; fileRef = ADAE51471847AEEC00A291AB /* VLFileFormatTransformationTypeAdaptor.h */; settings = {ATTRIBUTES = (Public, ); }; };
		ADAE514A1847AEEC00A291AB /* VLFileFormatTransformationTypeAdaptor.m in Sources */ = {isa = PBXBuildFile; fileRef = ADAE51481847AEEC00A291AB /* VLFileFormatTransformationTypeAdaptor.m */; };
/* End PBXBuildFile section */

/* Begin PBXContainerItemProxy section */
		AD09FB9C17FC755100A4E49F /* PBXContainerItemProxy */ = {
			isa = PBXContainerItemProxy;
			containerPortal = AD09FB7D17FC755100A4E49F /* Project object */;
			proxyType = 1;
			remoteGlobalIDString = AD09FB8417FC755100A4E49F;
			remoteInfo = VLCodeGeneratorLibrary;
		};
/* End PBXContainerItemProxy section */

/* Begin PBXFileReference section */
		AD09FB8517FC755100A4E49F /* libVLCodeGeneratorLibrary.a */ = {isa = PBXFileReference; explicitFileType = archive.ar; includeInIndex = 0; path = libVLCodeGeneratorLibrary.a; sourceTree = BUILT_PRODUCTS_DIR; };
		AD09FB8817FC755100A4E49F /* Cocoa.framework */ = {isa = PBXFileReference; lastKnownFileType = wrapper.framework; name = Cocoa.framework; path = System/Library/Frameworks/Cocoa.framework; sourceTree = SDKROOT; };
		AD09FB8B17FC755100A4E49F /* Foundation.framework */ = {isa = PBXFileReference; lastKnownFileType = wrapper.framework; name = Foundation.framework; path = System/Library/Frameworks/Foundation.framework; sourceTree = SDKROOT; };
		AD09FB8C17FC755100A4E49F /* CoreData.framework */ = {isa = PBXFileReference; lastKnownFileType = wrapper.framework; name = CoreData.framework; path = System/Library/Frameworks/CoreData.framework; sourceTree = SDKROOT; };
		AD09FB8D17FC755100A4E49F /* AppKit.framework */ = {isa = PBXFileReference; lastKnownFileType = wrapper.framework; name = AppKit.framework; path = System/Library/Frameworks/AppKit.framework; sourceTree = SDKROOT; };
		AD09FB9017FC755100A4E49F /* VLCodeGeneratorLibrary-Prefix.pch */ = {isa = PBXFileReference; lastKnownFileType = sourcecode.c.h; path = "VLCodeGeneratorLibrary-Prefix.pch"; sourceTree = "<group>"; };
		AD09FB9117FC755100A4E49F /* VLCodeGeneratorLibrary.h */ = {isa = PBXFileReference; lastKnownFileType = sourcecode.c.h; path = VLCodeGeneratorLibrary.h; sourceTree = "<group>"; };
		AD09FB9217FC755100A4E49F /* VLCodeGeneratorLibrary.m */ = {isa = PBXFileReference; lastKnownFileType = sourcecode.c.objc; path = VLCodeGeneratorLibrary.m; sourceTree = "<group>"; };
		AD09FB9817FC755100A4E49F /* VLCodeGeneratorLibraryTests.xctest */ = {isa = PBXFileReference; explicitFileType = wrapper.cfbundle; includeInIndex = 0; path = VLCodeGeneratorLibraryTests.xctest; sourceTree = BUILT_PRODUCTS_DIR; };
		AD09FB9917FC755100A4E49F /* XCTest.framework */ = {isa = PBXFileReference; lastKnownFileType = wrapper.framework; name = XCTest.framework; path = Library/Frameworks/XCTest.framework; sourceTree = DEVELOPER_DIR; };
		AD09FBA117FC755100A4E49F /* VLCodeGeneratorLibraryTests-Info.plist */ = {isa = PBXFileReference; lastKnownFileType = text.plist.xml; path = "VLCodeGeneratorLibraryTests-Info.plist"; sourceTree = "<group>"; };
		AD09FBA317FC755100A4E49F /* en */ = {isa = PBXFileReference; lastKnownFileType = text.plist.strings; name = en; path = en.lproj/InfoPlist.strings; sourceTree = "<group>"; };
		AD09FBA517FC755100A4E49F /* VLCodeGeneratorLibraryTests.m */ = {isa = PBXFileReference; lastKnownFileType = sourcecode.c.objc; path = VLCodeGeneratorLibraryTests.m; sourceTree = "<group>"; };
		AD09FBB017FC75BF00A4E49F /* VLTransformationServiceVendor.h */ = {isa = PBXFileReference; fileEncoding = 4; lastKnownFileType = sourcecode.c.h; path = VLTransformationServiceVendor.h; sourceTree = "<group>"; };
		AD09FBB117FC75BF00A4E49F /* VLTransformationServiceVendor.m */ = {isa = PBXFileReference; fileEncoding = 4; lastKnownFileType = sourcecode.c.objc; path = VLTransformationServiceVendor.m; sourceTree = "<group>"; };
		AD09FBB517FC75E900A4E49F /* VLAbstractLanguageAdaptor.h */ = {isa = PBXFileReference; fileEncoding = 4; lastKnownFileType = sourcecode.c.h; path = VLAbstractLanguageAdaptor.h; sourceTree = "<group>"; };
		AD09FBB617FC75E900A4E49F /* VLAbstractLanguageAdaptor.m */ = {isa = PBXFileReference; fileEncoding = 4; lastKnownFileType = sourcecode.c.objc; path = VLAbstractLanguageAdaptor.m; sourceTree = "<group>"; };
		AD09FBBA17FC762400A4E49F /* VLCodeGenerationFoundationServer.h */ = {isa = PBXFileReference; fileEncoding = 4; lastKnownFileType = sourcecode.c.h; path = VLCodeGenerationFoundationServer.h; sourceTree = "<group>"; };
		AD09FBBB17FC762400A4E49F /* VLCodeGenerationFoundationServer.m */ = {isa = PBXFileReference; fileEncoding = 4; lastKnownFileType = sourcecode.c.objc; path = VLCodeGenerationFoundationServer.m; sourceTree = "<group>"; };
		AD09FBBC17FC762400A4E49F /* VLCodeGenerationOperation.h */ = {isa = PBXFileReference; fileEncoding = 4; lastKnownFileType = sourcecode.c.h; path = VLCodeGenerationOperation.h; sourceTree = "<group>"; };
		AD09FBBD17FC762400A4E49F /* VLCodeGenerationOperation.m */ = {isa = PBXFileReference; fileEncoding = 4; lastKnownFileType = sourcecode.c.objc; path = VLCodeGenerationOperation.m; sourceTree = "<group>"; };
		AD09FBC317FC763D00A4E49F /* VLBlocksAndConstanStrings.h */ = {isa = PBXFileReference; fileEncoding = 4; lastKnownFileType = sourcecode.c.h; path = VLBlocksAndConstanStrings.h; sourceTree = "<group>"; };
		AD09FBC417FC763D00A4E49F /* VLBlocksAndConstanStrings.m */ = {isa = PBXFileReference; fileEncoding = 4; lastKnownFileType = sourcecode.c.objc; path = VLBlocksAndConstanStrings.m; sourceTree = "<group>"; };
		AD09FBC517FC763D00A4E49F /* VLCoreUtilitiesLib.h */ = {isa = PBXFileReference; fileEncoding = 4; lastKnownFileType = sourcecode.c.h; path = VLCoreUtilitiesLib.h; sourceTree = "<group>"; };
		AD09FBC617FC763D00A4E49F /* VLCoreUtilitiesLib.m */ = {isa = PBXFileReference; fileEncoding = 4; lastKnownFileType = sourcecode.c.objc; path = VLCoreUtilitiesLib.m; sourceTree = "<group>"; };
		AD543CB217FDCC560084CF8A /* VLGSLLanguageAdaptor.h */ = {isa = PBXFileReference; fileEncoding = 4; lastKnownFileType = sourcecode.c.h; path = VLGSLLanguageAdaptor.h; sourceTree = "<group>"; };
		AD543CB317FDCC560084CF8A /* VLGSLLanguageAdaptor.m */ = {isa = PBXFileReference; fileEncoding = 4; lastKnownFileType = sourcecode.c.objc; path = VLGSLLanguageAdaptor.m; sourceTree = "<group>"; };
		AD99741A18034B1E008A4199 /* VLPBPKModelPhysicalParameterCalculator.h */ = {isa = PBXFileReference; fileEncoding = 4; lastKnownFileType = sourcecode.c.h; path = VLPBPKModelPhysicalParameterCalculator.h; sourceTree = "<group>"; };
		AD99741B18034B1E008A4199 /* VLPBPKModelPhysicalParameterCalculator.m */ = {isa = PBXFileReference; fileEncoding = 4; lastKnownFileType = sourcecode.c.objc; path = VLPBPKModelPhysicalParameterCalculator.m; sourceTree = "<group>"; };
		ADAE51181846D2D500A291AB /* VLAbstractTransformationTypeAdaptor.h */ = {isa = PBXFileReference; fileEncoding = 4; lastKnownFileType = sourcecode.c.h; path = VLAbstractTransformationTypeAdaptor.h; sourceTree = "<group>"; };
		ADAE51191846D2D500A291AB /* VLAbstractTransformationTypeAdaptor.m */ = {isa = PBXFileReference; fileEncoding = 4; lastKnownFileType = sourcecode.c.objc; path = VLAbstractTransformationTypeAdaptor.m; sourceTree = "<group>"; };
		ADAE511D1846D39500A291AB /* VLCellFreeModelTransformationTypeAdaptor.h */ = {isa = PBXFileReference; fileEncoding = 4; lastKnownFileType = sourcecode.c.h; path = VLCellFreeModelTransformationTypeAdaptor.h; sourceTree = "<group>"; };
		ADAE511E1846D39500A291AB /* VLCellFreeModelTransformationTypeAdaptor.m */ = {isa = PBXFileReference; fileEncoding = 4; lastKnownFileType = sourcecode.c.objc; path = VLCellFreeModelTransformationTypeAdaptor.m; sourceTree = "<group>"; };
		ADAE51211846D40F00A291AB /* VLMassActionModelTransformationTypeAdaptor.h */ = {isa = PBXFileReference; fileEncoding = 4; lastKnownFileType = sourcecode.c.h; path = VLMassActionModelTransformationTypeAdaptor.h; sourceTree = "<group>"; };
		ADAE51221846D40F00A291AB /* VLMassActionModelTransformationTypeAdaptor.m */ = {isa = PBXFileReference; fileEncoding = 4; lastKnownFileType = sourcecode.c.objc; path = VLMassActionModelTransformationTypeAdaptor.m; sourceTree = "<group>"; };
		ADAE51271846DB5000A291AB /* VLMatlabLanguageAdaptor.h */ = {isa = PBXFileReference; fileEncoding = 4; lastKnownFileType = sourcecode.c.h; path = VLMatlabLanguageAdaptor.h; sourceTree = "<group>"; };
		ADAE51281846DB5000A291AB /* VLMatlabLanguageAdaptor.m */ = {isa = PBXFileReference; fileEncoding = 4; lastKnownFileType = sourcecode.c.objc; path = VLMatlabLanguageAdaptor.m; sourceTree = "<group>"; };
		ADAE512F184767EE00A291AB /* VLOctaveMLanguageAdaptor.h */ = {isa = PBXFileReference; fileEncoding = 4; lastKnownFileType = sourcecode.c.h; path = VLOctaveMLanguageAdaptor.h; sourceTree = "<group>"; };
		ADAE5130184767EE00A291AB /* VLOctaveMLanguageAdaptor.m */ = {isa = PBXFileReference; fileEncoding = 4; lastKnownFileType = sourcecode.c.objc; path = VLOctaveMLanguageAdaptor.m; sourceTree = "<group>"; };
		ADAE51331847680900A291AB /* VLOctaveCLanguageAdaptor.h */ = {isa = PBXFileReference; fileEncoding = 4; lastKnownFileType = sourcecode.c.h; path = VLOctaveCLanguageAdaptor.h; sourceTree = "<group>"; };
		ADAE51341847680900A291AB /* VLOctaveCLanguageAdaptor.m */ = {isa = PBXFileReference; fileEncoding = 4; lastKnownFileType = sourcecode.c.objc; path = VLOctaveCLanguageAdaptor.m; sourceTree = "<group>"; };
		ADAE51381847682B00A291AB /* VLSundialsLanguageAdaptor.h */ = {isa = PBXFileReference; fileEncoding = 4; lastKnownFileType = sourcecode.c.h; path = VLSundialsLanguageAdaptor.h; sourceTree = "<group>"; };
		ADAE51391847682B00A291AB /* VLSundialsLanguageAdaptor.m */ = {isa = PBXFileReference; fileEncoding = 4; lastKnownFileType = sourcecode.c.objc; path = VLSundialsLanguageAdaptor.m; sourceTree = "<group>"; };
		ADAE513D18476D7400A291AB /* VLPBPKModelTransformationTypeAdaptor.h */ = {isa = PBXFileReference; fileEncoding = 4; lastKnownFileType = sourcecode.c.h; path = VLPBPKModelTransformationTypeAdaptor.h; sourceTree = "<group>"; };
		ADAE513E18476D7400A291AB /* VLPBPKModelTransformationTypeAdaptor.m */ = {isa = PBXFileReference; fileEncoding = 4; lastKnownFileType = sourcecode.c.objc; path = VLPBPKModelTransformationTypeAdaptor.m; sourceTree = "<group>"; };
		ADAE51421847ADFB00A291AB /* VLSMBLLanguageAdaptor.h */ = {isa = PBXFileReference; fileEncoding = 4; lastKnownFileType = sourcecode.c.h; path = VLSMBLLanguageAdaptor.h; sourceTree = "<group>"; };
		ADAE51431847ADFB00A291AB /* VLSMBLLanguageAdaptor.m */ = {isa = PBXFileReference; fileEncoding = 4; lastKnownFileType = sourcecode.c.objc; path = VLSMBLLanguageAdaptor.m; sourceTree = "<group>"; };
		ADAE51471847AEEC00A291AB /* VLFileFormatTransformationTypeAdaptor.h */ = {isa = PBXFileReference; fileEncoding = 4; lastKnownFileType = sourcecode.c.h; path = VLFileFormatTransformationTypeAdaptor.h; sourceTree = "<group>"; };
		ADAE51481847AEEC00A291AB /* VLFileFormatTransformationTypeAdaptor.m */ = {isa = PBXFileReference; fileEncoding = 4; lastKnownFileType = sourcecode.c.objc; path = VLFileFormatTransformationTypeAdaptor.m; sourceTree = "<group>"; };
/* End PBXFileReference section */

/* Begin PBXFrameworksBuildPhase section */
		AD09FB8217FC755100A4E49F /* Frameworks */ = {
			isa = PBXFrameworksBuildPhase;
			buildActionMask = 2147483647;
			files = (
				AD09FB8917FC755100A4E49F /* Cocoa.framework in Frameworks */,
			);
			runOnlyForDeploymentPostprocessing = 0;
		};
		AD09FB9517FC755100A4E49F /* Frameworks */ = {
			isa = PBXFrameworksBuildPhase;
			buildActionMask = 2147483647;
			files = (
				AD09FB9E17FC755100A4E49F /* libVLCodeGeneratorLibrary.a in Frameworks */,
				AD09FB9B17FC755100A4E49F /* Cocoa.framework in Frameworks */,
				AD09FB9A17FC755100A4E49F /* XCTest.framework in Frameworks */,
			);
			runOnlyForDeploymentPostprocessing = 0;
		};
/* End PBXFrameworksBuildPhase section */

/* Begin PBXGroup section */
		AD09FB7C17FC755100A4E49F = {
			isa = PBXGroup;
			children = (
				AD09FB8E17FC755100A4E49F /* VLCodeGeneratorLibrary */,
				AD09FB9F17FC755100A4E49F /* VLCodeGeneratorLibraryTests */,
				AD09FB8717FC755100A4E49F /* Frameworks */,
				AD09FB8617FC755100A4E49F /* Products */,
			);
			sourceTree = "<group>";
		};
		AD09FB8617FC755100A4E49F /* Products */ = {
			isa = PBXGroup;
			children = (
				AD09FB8517FC755100A4E49F /* libVLCodeGeneratorLibrary.a */,
				AD09FB9817FC755100A4E49F /* VLCodeGeneratorLibraryTests.xctest */,
			);
			name = Products;
			sourceTree = "<group>";
		};
		AD09FB8717FC755100A4E49F /* Frameworks */ = {
			isa = PBXGroup;
			children = (
				AD09FB8817FC755100A4E49F /* Cocoa.framework */,
				AD09FB9917FC755100A4E49F /* XCTest.framework */,
				AD09FB8A17FC755100A4E49F /* Other Frameworks */,
			);
			name = Frameworks;
			sourceTree = "<group>";
		};
		AD09FB8A17FC755100A4E49F /* Other Frameworks */ = {
			isa = PBXGroup;
			children = (
				AD09FB8B17FC755100A4E49F /* Foundation.framework */,
				AD09FB8C17FC755100A4E49F /* CoreData.framework */,
				AD09FB8D17FC755100A4E49F /* AppKit.framework */,
			);
			name = "Other Frameworks";
			sourceTree = "<group>";
		};
		AD09FB8E17FC755100A4E49F /* VLCodeGeneratorLibrary */ = {
			isa = PBXGroup;
			children = (
				AD09FBC217FC763100A4E49F /* util */,
				AD09FBB917FC761100A4E49F /* foundation */,
				AD09FBB417FC75D400A4E49F /* languages */,
				ADAE51171846D26300A291AB /* transformations */,
				AD09FBAF17FC75A800A4E49F /* services */,
				AD09FB9117FC755100A4E49F /* VLCodeGeneratorLibrary.h */,
				AD09FB9217FC755100A4E49F /* VLCodeGeneratorLibrary.m */,
				AD09FB8F17FC755100A4E49F /* Supporting Files */,
			);
			path = VLCodeGeneratorLibrary;
			sourceTree = "<group>";
		};
		AD09FB8F17FC755100A4E49F /* Supporting Files */ = {
			isa = PBXGroup;
			children = (
				AD09FB9017FC755100A4E49F /* VLCodeGeneratorLibrary-Prefix.pch */,
			);
			name = "Supporting Files";
			sourceTree = "<group>";
		};
		AD09FB9F17FC755100A4E49F /* VLCodeGeneratorLibraryTests */ = {
			isa = PBXGroup;
			children = (
				AD09FBA517FC755100A4E49F /* VLCodeGeneratorLibraryTests.m */,
				AD09FBA017FC755100A4E49F /* Supporting Files */,
			);
			path = VLCodeGeneratorLibraryTests;
			sourceTree = "<group>";
		};
		AD09FBA017FC755100A4E49F /* Supporting Files */ = {
			isa = PBXGroup;
			children = (
				AD09FBA117FC755100A4E49F /* VLCodeGeneratorLibraryTests-Info.plist */,
				AD09FBA217FC755100A4E49F /* InfoPlist.strings */,
			);
			name = "Supporting Files";
			sourceTree = "<group>";
		};
		AD09FBAF17FC75A800A4E49F /* services */ = {
			isa = PBXGroup;
			children = (
				AD09FBB017FC75BF00A4E49F /* VLTransformationServiceVendor.h */,
				AD09FBB117FC75BF00A4E49F /* VLTransformationServiceVendor.m */,
			);
			name = services;
			sourceTree = "<group>";
		};
		AD09FBB417FC75D400A4E49F /* languages */ = {
			isa = PBXGroup;
			children = (
				ADAE51411847ADCA00A291AB /* sbml */,
				ADAE512D184767B400A291AB /* sundials */,
				ADAE512C1847679A00A291AB /* octave_c */,
				ADAE512B1847678E00A291AB /* octave_m */,
				ADAE51261846D9ED00A291AB /* matlab_m */,
				AD09FBCB17FC78D500A4E49F /* gsl_c */,
				AD09FBB517FC75E900A4E49F /* VLAbstractLanguageAdaptor.h */,
				AD09FBB617FC75E900A4E49F /* VLAbstractLanguageAdaptor.m */,
			);
			name = languages;
			sourceTree = "<group>";
		};
		AD09FBB917FC761100A4E49F /* foundation */ = {
			isa = PBXGroup;
			children = (
				AD09FBBA17FC762400A4E49F /* VLCodeGenerationFoundationServer.h */,
				AD09FBBB17FC762400A4E49F /* VLCodeGenerationFoundationServer.m */,
				AD09FBBC17FC762400A4E49F /* VLCodeGenerationOperation.h */,
				AD09FBBD17FC762400A4E49F /* VLCodeGenerationOperation.m */,
			);
			name = foundation;
			sourceTree = "<group>";
		};
		AD09FBC217FC763100A4E49F /* util */ = {
			isa = PBXGroup;
			children = (
				AD09FBC317FC763D00A4E49F /* VLBlocksAndConstanStrings.h */,
				AD09FBC417FC763D00A4E49F /* VLBlocksAndConstanStrings.m */,
				AD09FBC517FC763D00A4E49F /* VLCoreUtilitiesLib.h */,
				AD09FBC617FC763D00A4E49F /* VLCoreUtilitiesLib.m */,
				AD99741A18034B1E008A4199 /* VLPBPKModelPhysicalParameterCalculator.h */,
				AD99741B18034B1E008A4199 /* VLPBPKModelPhysicalParameterCalculator.m */,
			);
			name = util;
			sourceTree = "<group>";
		};
		AD09FBCB17FC78D500A4E49F /* gsl_c */ = {
			isa = PBXGroup;
			children = (
				AD543CB217FDCC560084CF8A /* VLGSLLanguageAdaptor.h */,
				AD543CB317FDCC560084CF8A /* VLGSLLanguageAdaptor.m */,
			);
			name = gsl_c;
			sourceTree = "<group>";
		};
		ADAE51171846D26300A291AB /* transformations */ = {
			isa = PBXGroup;
			children = (
				ADAE51461847AEC000A291AB /* format_conversion */,
				ADAE513C18476D3D00A291AB /* pbpk_model */,
				ADAE51251846D42900A291AB /* mass_action_model */,
				ADAE511C1846D31B00A291AB /* cell_free_model */,
				ADAE51181846D2D500A291AB /* VLAbstractTransformationTypeAdaptor.h */,
				ADAE51191846D2D500A291AB /* VLAbstractTransformationTypeAdaptor.m */,
			);
			name = transformations;
			sourceTree = "<group>";
		};
		ADAE511C1846D31B00A291AB /* cell_free_model */ = {
			isa = PBXGroup;
			children = (
				ADAE511D1846D39500A291AB /* VLCellFreeModelTransformationTypeAdaptor.h */,
				ADAE511E1846D39500A291AB /* VLCellFreeModelTransformationTypeAdaptor.m */,
			);
			name = cell_free_model;
			sourceTree = "<group>";
		};
		ADAE51251846D42900A291AB /* mass_action_model */ = {
			isa = PBXGroup;
			children = (
				ADAE51211846D40F00A291AB /* VLMassActionModelTransformationTypeAdaptor.h */,
				ADAE51221846D40F00A291AB /* VLMassActionModelTransformationTypeAdaptor.m */,
			);
			name = mass_action_model;
			sourceTree = "<group>";
		};
		ADAE51261846D9ED00A291AB /* matlab_m */ = {
			isa = PBXGroup;
			children = (
				ADAE51271846DB5000A291AB /* VLMatlabLanguageAdaptor.h */,
				ADAE51281846DB5000A291AB /* VLMatlabLanguageAdaptor.m */,
			);
			name = matlab_m;
			sourceTree = "<group>";
		};
		ADAE512B1847678E00A291AB /* octave_m */ = {
			isa = PBXGroup;
			children = (
				ADAE512F184767EE00A291AB /* VLOctaveMLanguageAdaptor.h */,
				ADAE5130184767EE00A291AB /* VLOctaveMLanguageAdaptor.m */,
			);
			name = octave_m;
			sourceTree = "<group>";
		};
		ADAE512C1847679A00A291AB /* octave_c */ = {
			isa = PBXGroup;
			children = (
				ADAE51331847680900A291AB /* VLOctaveCLanguageAdaptor.h */,
				ADAE51341847680900A291AB /* VLOctaveCLanguageAdaptor.m */,
			);
			name = octave_c;
			sourceTree = "<group>";
		};
		ADAE512D184767B400A291AB /* sundials */ = {
			isa = PBXGroup;
			children = (
				ADAE51381847682B00A291AB /* VLSundialsLanguageAdaptor.h */,
				ADAE51391847682B00A291AB /* VLSundialsLanguageAdaptor.m */,
			);
			name = sundials;
			sourceTree = "<group>";
		};
		ADAE513C18476D3D00A291AB /* pbpk_model */ = {
			isa = PBXGroup;
			children = (
				ADAE513D18476D7400A291AB /* VLPBPKModelTransformationTypeAdaptor.h */,
				ADAE513E18476D7400A291AB /* VLPBPKModelTransformationTypeAdaptor.m */,
			);
			name = pbpk_model;
			sourceTree = "<group>";
		};
		ADAE51411847ADCA00A291AB /* sbml */ = {
			isa = PBXGroup;
			children = (
				ADAE51421847ADFB00A291AB /* VLSMBLLanguageAdaptor.h */,
				ADAE51431847ADFB00A291AB /* VLSMBLLanguageAdaptor.m */,
			);
			name = sbml;
			sourceTree = "<group>";
		};
		ADAE51461847AEC000A291AB /* format_conversion */ = {
			isa = PBXGroup;
			children = (
				ADAE51471847AEEC00A291AB /* VLFileFormatTransformationTypeAdaptor.h */,
				ADAE51481847AEEC00A291AB /* VLFileFormatTransformationTypeAdaptor.m */,
			);
			name = format_conversion;
			sourceTree = "<group>";
		};
/* End PBXGroup section */

/* Begin PBXHeadersBuildPhase section */
		AD09FBDB17FCB99600A4E49F /* Headers */ = {
			isa = PBXHeadersBuildPhase;
			buildActionMask = 2147483647;
			files = (
				AD99741C18034B1E008A4199 /* VLPBPKModelPhysicalParameterCalculator.h in Headers */,
				AD543CB417FDCC560084CF8A /* VLGSLLanguageAdaptor.h in Headers */,
				AD09FBEB17FCBC7600A4E49F /* VLBlocksAndConstanStrings.h in Headers */,
				AD09FBEC17FCBC7600A4E49F /* VLCoreUtilitiesLib.h in Headers */,
				AD09FBED17FCBC7600A4E49F /* VLCodeGenerationFoundationServer.h in Headers */,
				AD09FBEE17FCBC7600A4E49F /* VLCodeGenerationOperation.h in Headers */,
				AD09FBF017FCBC7600A4E49F /* VLAbstractLanguageAdaptor.h in Headers */,
				AD09FBF117FCBC7600A4E49F /* VLTransformationServiceVendor.h in Headers */,
				ADAE5131184767EE00A291AB /* VLOctaveMLanguageAdaptor.h in Headers */,
				ADAE51491847AEEC00A291AB /* VLFileFormatTransformationTypeAdaptor.h in Headers */,
				ADAE511A1846D2D500A291AB /* VLAbstractTransformationTypeAdaptor.h in Headers */,
				ADAE51291846DB5000A291AB /* VLMatlabLanguageAdaptor.h in Headers */,
				ADAE513A1847682B00A291AB /* VLSundialsLanguageAdaptor.h in Headers */,
				ADAE51231846D40F00A291AB /* VLMassActionModelTransformationTypeAdaptor.h in Headers */,
				ADAE513F18476D7400A291AB /* VLPBPKModelTransformationTypeAdaptor.h in Headers */,
				ADAE51351847680900A291AB /* VLOctaveCLanguageAdaptor.h in Headers */,
				ADAE511F1846D39500A291AB /* VLCellFreeModelTransformationTypeAdaptor.h in Headers */,
				ADAE51441847ADFB00A291AB /* VLSMBLLanguageAdaptor.h in Headers */,
				AD09FBF217FCBC7600A4E49F /* VLCodeGeneratorLibrary.h in Headers */,
			);
			runOnlyForDeploymentPostprocessing = 0;
		};
/* End PBXHeadersBuildPhase section */

/* Begin PBXNativeTarget section */
		AD09FB8417FC755100A4E49F /* VLCodeGeneratorLibrary */ = {
			isa = PBXNativeTarget;
			buildConfigurationList = AD09FBA917FC755100A4E49F /* Build configuration list for PBXNativeTarget "VLCodeGeneratorLibrary" */;
			buildPhases = (
				AD09FB8117FC755100A4E49F /* Sources */,
				AD09FB8217FC755100A4E49F /* Frameworks */,
				AD09FBDB17FCB99600A4E49F /* Headers */,
				AD09FBE217FCBBFB00A4E49F /* Resources */,
			);
			buildRules = (
			);
			dependencies = (
			);
			name = VLCodeGeneratorLibrary;
			productName = VLCodeGeneratorLibrary;
			productReference = AD09FB8517FC755100A4E49F /* libVLCodeGeneratorLibrary.a */;
			productType = "com.apple.product-type.library.static";
		};
		AD09FB9717FC755100A4E49F /* VLCodeGeneratorLibraryTests */ = {
			isa = PBXNativeTarget;
			buildConfigurationList = AD09FBAC17FC755100A4E49F /* Build configuration list for PBXNativeTarget "VLCodeGeneratorLibraryTests" */;
			buildPhases = (
				AD09FB9417FC755100A4E49F /* Sources */,
				AD09FB9517FC755100A4E49F /* Frameworks */,
				AD09FB9617FC755100A4E49F /* Resources */,
			);
			buildRules = (
			);
			dependencies = (
				AD09FB9D17FC755100A4E49F /* PBXTargetDependency */,
			);
			name = VLCodeGeneratorLibraryTests;
			productName = VLCodeGeneratorLibraryTests;
			productReference = AD09FB9817FC755100A4E49F /* VLCodeGeneratorLibraryTests.xctest */;
			productType = "com.apple.product-type.bundle.unit-test";
		};
/* End PBXNativeTarget section */

/* Begin PBXProject section */
		AD09FB7D17FC755100A4E49F /* Project object */ = {
			isa = PBXProject;
			attributes = {
				LastUpgradeCheck = 0500;
				ORGANIZATIONNAME = Varnerlab;
			};
			buildConfigurationList = AD09FB8017FC755100A4E49F /* Build configuration list for PBXProject "VLCodeGeneratorLibrary" */;
			compatibilityVersion = "Xcode 3.2";
			developmentRegion = English;
			hasScannedForEncodings = 0;
			knownRegions = (
				en,
			);
			mainGroup = AD09FB7C17FC755100A4E49F;
			productRefGroup = AD09FB8617FC755100A4E49F /* Products */;
			projectDirPath = "";
			projectRoot = "";
			targets = (
				AD09FB8417FC755100A4E49F /* VLCodeGeneratorLibrary */,
				AD09FB9717FC755100A4E49F /* VLCodeGeneratorLibraryTests */,
			);
		};
/* End PBXProject section */

/* Begin PBXResourcesBuildPhase section */
		AD09FB9617FC755100A4E49F /* Resources */ = {
			isa = PBXResourcesBuildPhase;
			buildActionMask = 2147483647;
			files = (
				AD09FBA417FC755100A4E49F /* InfoPlist.strings in Resources */,
			);
			runOnlyForDeploymentPostprocessing = 0;
		};
		AD09FBE217FCBBFB00A4E49F /* Resources */ = {
			isa = PBXResourcesBuildPhase;
			buildActionMask = 2147483647;
			files = (
				AD09FBE317FCBC1F00A4E49F /* VLBlocksAndConstanStrings.h in Resources */,
				AD09FBE417FCBC1F00A4E49F /* VLCoreUtilitiesLib.h in Resources */,
				AD09FBE517FCBC1F00A4E49F /* VLCodeGenerationFoundationServer.h in Resources */,
				AD09FBE617FCBC1F00A4E49F /* VLCodeGenerationOperation.h in Resources */,
				AD09FBE817FCBC1F00A4E49F /* VLAbstractLanguageAdaptor.h in Resources */,
				AD09FBE917FCBC1F00A4E49F /* VLTransformationServiceVendor.h in Resources */,
				AD09FBEA17FCBC1F00A4E49F /* VLCodeGeneratorLibrary.h in Resources */,
			);
			runOnlyForDeploymentPostprocessing = 0;
		};
/* End PBXResourcesBuildPhase section */

/* Begin PBXSourcesBuildPhase section */
		AD09FB8117FC755100A4E49F /* Sources */ = {
			isa = PBXSourcesBuildPhase;
			buildActionMask = 2147483647;
			files = (
				ADAE514A1847AEEC00A291AB /* VLFileFormatTransformationTypeAdaptor.m in Sources */,
				AD09FBBF17FC762400A4E49F /* VLCodeGenerationFoundationServer.m in Sources */,
				AD99741D18034B1E008A4199 /* VLPBPKModelPhysicalParameterCalculator.m in Sources */,
				ADAE51361847680900A291AB /* VLOctaveCLanguageAdaptor.m in Sources */,
				AD543CB517FDCC560084CF8A /* VLGSLLanguageAdaptor.m in Sources */,
				ADAE51201846D39500A291AB /* VLCellFreeModelTransformationTypeAdaptor.m in Sources */,
				ADAE51241846D40F00A291AB /* VLMassActionModelTransformationTypeAdaptor.m in Sources */,
				ADAE512A1846DB5000A291AB /* VLMatlabLanguageAdaptor.m in Sources */,
				AD09FBCA17FC763D00A4E49F /* VLCoreUtilitiesLib.m in Sources */,
				AD09FBB317FC75BF00A4E49F /* VLTransformationServiceVendor.m in Sources */,
				ADAE514018476D7400A291AB /* VLPBPKModelTransformationTypeAdaptor.m in Sources */,
				AD09FBC117FC762400A4E49F /* VLCodeGenerationOperation.m in Sources */,
				ADAE513B1847682B00A291AB /* VLSundialsLanguageAdaptor.m in Sources */,
				ADAE511B1846D2D500A291AB /* VLAbstractTransformationTypeAdaptor.m in Sources */,
				AD09FBB817FC75E900A4E49F /* VLAbstractLanguageAdaptor.m in Sources */,
				ADAE5132184767EE00A291AB /* VLOctaveMLanguageAdaptor.m in Sources */,
				AD09FB9317FC755100A4E49F /* VLCodeGeneratorLibrary.m in Sources */,
				AD09FBC817FC763D00A4E49F /* VLBlocksAndConstanStrings.m in Sources */,
				ADAE51451847ADFB00A291AB /* VLSMBLLanguageAdaptor.m in Sources */,
			);
			runOnlyForDeploymentPostprocessing = 0;
		};
		AD09FB9417FC755100A4E49F /* Sources */ = {
			isa = PBXSourcesBuildPhase;
			buildActionMask = 2147483647;
			files = (
				AD09FBA617FC755100A4E49F /* VLCodeGeneratorLibraryTests.m in Sources */,
			);
			runOnlyForDeploymentPostprocessing = 0;
		};
/* End PBXSourcesBuildPhase section */

/* Begin PBXTargetDependency section */
		AD09FB9D17FC755100A4E49F /* PBXTargetDependency */ = {
			isa = PBXTargetDependency;
			target = AD09FB8417FC755100A4E49F /* VLCodeGeneratorLibrary */;
			targetProxy = AD09FB9C17FC755100A4E49F /* PBXContainerItemProxy */;
		};
/* End PBXTargetDependency section */

/* Begin PBXVariantGroup section */
		AD09FBA217FC755100A4E49F /* InfoPlist.strings */ = {
			isa = PBXVariantGroup;
			children = (
				AD09FBA317FC755100A4E49F /* en */,
			);
			name = InfoPlist.strings;
			sourceTree = "<group>";
		};
/* End PBXVariantGroup section */

/* Begin XCBuildConfiguration section */
		AD09FBA717FC755100A4E49F /* Debug */ = {
			isa = XCBuildConfiguration;
			buildSettings = {
				ALWAYS_SEARCH_USER_PATHS = NO;
				CLANG_CXX_LANGUAGE_STANDARD = "gnu++0x";
				CLANG_CXX_LIBRARY = "libc++";
				CLANG_ENABLE_OBJC_ARC = YES;
				CLANG_WARN_BOOL_CONVERSION = YES;
				CLANG_WARN_CONSTANT_CONVERSION = YES;
				CLANG_WARN_DIRECT_OBJC_ISA_USAGE = YES_ERROR;
				CLANG_WARN_EMPTY_BODY = YES;
				CLANG_WARN_ENUM_CONVERSION = YES;
				CLANG_WARN_INT_CONVERSION = YES;
				CLANG_WARN_OBJC_ROOT_CLASS = YES_ERROR;
				CLANG_WARN__DUPLICATE_METHOD_MATCH = YES;
				COPY_PHASE_STRIP = NO;
				GCC_C_LANGUAGE_STANDARD = gnu99;
				GCC_DYNAMIC_NO_PIC = NO;
				GCC_ENABLE_OBJC_EXCEPTIONS = YES;
				GCC_OPTIMIZATION_LEVEL = 0;
				GCC_PREPROCESSOR_DEFINITIONS = (
					"DEBUG=1",
					"$(inherited)",
				);
				GCC_SYMBOLS_PRIVATE_EXTERN = NO;
				GCC_WARN_64_TO_32_BIT_CONVERSION = YES;
				GCC_WARN_ABOUT_RETURN_TYPE = YES_ERROR;
				GCC_WARN_UNDECLARED_SELECTOR = YES;
				GCC_WARN_UNINITIALIZED_AUTOS = YES;
				GCC_WARN_UNUSED_FUNCTION = YES;
				GCC_WARN_UNUSED_VARIABLE = YES;
				MACOSX_DEPLOYMENT_TARGET = 10.8;
				ONLY_ACTIVE_ARCH = YES;
				SDKROOT = macosx;
			};
			name = Debug;
		};
		AD09FBA817FC755100A4E49F /* Release */ = {
			isa = XCBuildConfiguration;
			buildSettings = {
				ALWAYS_SEARCH_USER_PATHS = NO;
				CLANG_CXX_LANGUAGE_STANDARD = "gnu++0x";
				CLANG_CXX_LIBRARY = "libc++";
				CLANG_ENABLE_OBJC_ARC = YES;
				CLANG_WARN_BOOL_CONVERSION = YES;
				CLANG_WARN_CONSTANT_CONVERSION = YES;
				CLANG_WARN_DIRECT_OBJC_ISA_USAGE = YES_ERROR;
				CLANG_WARN_EMPTY_BODY = YES;
				CLANG_WARN_ENUM_CONVERSION = YES;
				CLANG_WARN_INT_CONVERSION = YES;
				CLANG_WARN_OBJC_ROOT_CLASS = YES_ERROR;
				CLANG_WARN__DUPLICATE_METHOD_MATCH = YES;
				COPY_PHASE_STRIP = YES;
				DEBUG_INFORMATION_FORMAT = "dwarf-with-dsym";
				ENABLE_NS_ASSERTIONS = NO;
				GCC_C_LANGUAGE_STANDARD = gnu99;
				GCC_ENABLE_OBJC_EXCEPTIONS = YES;
				GCC_WARN_64_TO_32_BIT_CONVERSION = YES;
				GCC_WARN_ABOUT_RETURN_TYPE = YES_ERROR;
				GCC_WARN_UNDECLARED_SELECTOR = YES;
				GCC_WARN_UNINITIALIZED_AUTOS = YES;
				GCC_WARN_UNUSED_FUNCTION = YES;
				GCC_WARN_UNUSED_VARIABLE = YES;
				MACOSX_DEPLOYMENT_TARGET = 10.8;
				SDKROOT = macosx;
			};
			name = Release;
		};
		AD09FBAA17FC755100A4E49F /* Debug */ = {
			isa = XCBuildConfiguration;
			buildSettings = {
				GCC_PRECOMPILE_PREFIX_HEADER = YES;
				GCC_PREFIX_HEADER = "VLCodeGeneratorLibrary/VLCodeGeneratorLibrary-Prefix.pch";
				PRIVATE_HEADERS_FOLDER_PATH = "include/${PRODUCT_NAME}";
				PRODUCT_NAME = "$(TARGET_NAME)";
				PUBLIC_HEADERS_FOLDER_PATH = "include/${PRODUCT_NAME}";
			};
			name = Debug;
		};
		AD09FBAB17FC755100A4E49F /* Release */ = {
			isa = XCBuildConfiguration;
			buildSettings = {
				GCC_PRECOMPILE_PREFIX_HEADER = YES;
				GCC_PREFIX_HEADER = "VLCodeGeneratorLibrary/VLCodeGeneratorLibrary-Prefix.pch";
				PRIVATE_HEADERS_FOLDER_PATH = "include/${PRODUCT_NAME}";
				PRODUCT_NAME = "$(TARGET_NAME)";
				PUBLIC_HEADERS_FOLDER_PATH = "include/${PRODUCT_NAME}";
			};
			name = Release;
		};
		AD09FBAD17FC755100A4E49F /* Debug */ = {
			isa = XCBuildConfiguration;
			buildSettings = {
				COMBINE_HIDPI_IMAGES = YES;
				FRAMEWORK_SEARCH_PATHS = (
					"$(DEVELOPER_FRAMEWORKS_DIR)",
					"$(inherited)",
				);
				GCC_PRECOMPILE_PREFIX_HEADER = YES;
				GCC_PREFIX_HEADER = "VLCodeGeneratorLibrary/VLCodeGeneratorLibrary-Prefix.pch";
				GCC_PREPROCESSOR_DEFINITIONS = (
					"DEBUG=1",
					"$(inherited)",
				);
				INFOPLIST_FILE = "VLCodeGeneratorLibraryTests/VLCodeGeneratorLibraryTests-Info.plist";
				PRODUCT_NAME = "$(TARGET_NAME)";
				WRAPPER_EXTENSION = xctest;
			};
			name = Debug;
		};
		AD09FBAE17FC755100A4E49F /* Release */ = {
			isa = XCBuildConfiguration;
			buildSettings = {
				COMBINE_HIDPI_IMAGES = YES;
				FRAMEWORK_SEARCH_PATHS = (
					"$(DEVELOPER_FRAMEWORKS_DIR)",
					"$(inherited)",
				);
				GCC_PRECOMPILE_PREFIX_HEADER = YES;
				GCC_PREFIX_HEADER = "VLCodeGeneratorLibrary/VLCodeGeneratorLibrary-Prefix.pch";
				INFOPLIST_FILE = "VLCodeGeneratorLibraryTests/VLCodeGeneratorLibraryTests-Info.plist";
				PRODUCT_NAME = "$(TARGET_NAME)";
				WRAPPER_EXTENSION = xctest;
			};
			name = Release;
		};
/* End XCBuildConfiguration section */

/* Begin XCConfigurationList section */
		AD09FB8017FC755100A4E49F /* Build configuration list for PBXProject "VLCodeGeneratorLibrary" */ = {
			isa = XCConfigurationList;
			buildConfigurations = (
				AD09FBA717FC755100A4E49F /* Debug */,
				AD09FBA817FC755100A4E49F /* Release */,
			);
			defaultConfigurationIsVisible = 0;
			defaultConfigurationName = Release;
		};
		AD09FBA917FC755100A4E49F /* Build configuration list for PBXNativeTarget "VLCodeGeneratorLibrary" */ = {
			isa = XCConfigurationList;
			buildConfigurations = (
				AD09FBAA17FC755100A4E49F /* Debug */,
				AD09FBAB17FC755100A4E49F /* Release */,
			);
			defaultConfigurationIsVisible = 0;
			defaultConfigurationName = Release;
		};
		AD09FBAC17FC755100A4E49F /* Build configuration list for PBXNativeTarget "VLCodeGeneratorLibraryTests" */ = {
			isa = XCConfigurationList;
			buildConfigurations = (
				AD09FBAD17FC755100A4E49F /* Debug */,
				AD09FBAE17FC755100A4E49F /* Release */,
			);
			defaultConfigurationIsVisible = 0;
			defaultConfigurationName = Release;
		};
/* End XCConfigurationList section */
	};
	rootObject = AD09FB7D17FC755100A4E49F /* Project object */;
}
